
Microsoft Visual Studio Solution File, Format Version 12.00
# Visual Studio 15
VisualStudioVersion = 15.0.28307.1259
MinimumVisualStudioVersion = 10.0.40219.1
Project("{FAE04EC0-301F-11D3-BF4B-00C04F79EFBC}") = "Practice 2", "Practice 2\Practice 2.csproj", "{541F1FCF-8BC4-4660-B9B0-0199919C755B}"
EndProject
Project("{FAE04EC0-301F-11D3-BF4B-00C04F79EFBC}") = "ArrayManager", "ArrayManager\ArrayManager.csproj", "{40C45F85-9EFB-463F-B57B-359943C5F741}"
EndProject
Project("{FAE04EC0-301F-11D3-BF4B-00C04F79EFBC}") = "Library12", "Library12\Library12.csproj", "{707905BA-5E83-4BC2-8D15-D7CC18A18841}"
EndProject
Global
	GlobalSection(SolutionConfigurationPlatforms) = preSolution
		Debug|Any CPU = Debug|Any CPU
		Release|Any CPU = Release|Any CPU
	EndGlobalSection
	GlobalSection(ProjectConfigurationPlatforms) = postSolution
		{541F1FCF-8BC4-4660-B9B0-0199919C755B}.Debug|Any CPU.ActiveCfg = Debug|Any CPU
		{541F1FCF-8BC4-4660-B9B0-0199919C755B}.Debug|Any CPU.Build.0 = Debug|Any CPU
		{541F1FCF-8BC4-4660-B9B0-0199919C755B}.Release|Any CPU.ActiveCfg = Release|Any CPU
		{541F1FCF-8BC4-4660-B9B0-0199919C755B}.Release|Any CPU.Build.0 = Release|Any CPU
		{40C45F85-9EFB-463F-B57B-359943C5F741}.Debug|Any CPU.ActiveCfg = Debug|Any CPU
		{40C45F85-9EFB-463F-B57B-359943C5F741}.Debug|Any CPU.Build.0 = Debug|Any CPU
		{40C45F85-9EFB-463F-B57B-359943C5F741}.Release|Any CPU.ActiveCfg = Release|Any CPU
		{40C45F85-9EFB-463F-B57B-359943C5F741}.Release|Any CPU.Build.0 = Release|Any CPU
		{707905BA-5E83-4BC2-8D15-D7CC18A18841}.Debug|Any CPU.ActiveCfg = Debug|Any CPU
		{707905BA-5E83-4BC2-8D15-D7CC18A18841}.Debug|Any CPU.Build.0 = Debug|Any CPU
		{707905BA-5E83-4BC2-8D15-D7CC18A18841}.Release|Any CPU.ActiveCfg = Release|Any CPU
		{707905BA-5E83-4BC2-8D15-D7CC18A18841}.Release|Any CPU.Build.0 = Release|Any CPU
	EndGlobalSection
	GlobalSection(SolutionProperties) = preSolution
		HideSolutionNode = FALSE
	EndGlobalSection
	GlobalSection(ExtensibilityGlobals) = postSolution
		SolutionGuid = {8BA4CA58-1C4D-41E9-9E60-43A51DA7E54D}
	EndGlobalSection
EndGlobal
